# THIS IS AN AUTOGENERATED FILE. DO NOT EDIT THIS FILE DIRECTLY.
# yarn lockfile v1


abbrev@1, abbrev@1.0.x:
  version "1.0.9"
  resolved "https://r.cnpmjs.org/abbrev/download/abbrev-1.0.9.tgz#91b4792588a7738c25f35dd6f63752a2f8776135"

accepts@^1.2.2:
  version "1.3.3"
  resolved "https://r.cnpmjs.org/accepts/download/accepts-1.3.3.tgz#c3ca7434938648c3e0d9c1e328dd68b622c284ca"
  dependencies:
    mime-types "~2.1.11"
    negotiator "0.6.1"

align-text@^0.1.1, align-text@^0.1.3:
  version "0.1.4"
  resolved "https://r.cnpmjs.org/align-text/download/align-text-0.1.4.tgz#0cd90a561093f35d0a99256c22b7069433fad117"
  dependencies:
    kind-of "^3.0.2"
    longest "^1.0.1"
    repeat-string "^1.5.2"

amdefine@>=0.0.4:
  version "1.0.1"
  resolved "https://r.cnpmjs.org/amdefine/download/amdefine-1.0.1.tgz#4a5282ac164729e93619bcfd3ad151f817ce91f5"

antsort@~1.1.2:
  version "1.1.2"
  resolved "https://r.cnpmjs.org/antsort/download/antsort-1.1.2.tgz#d4cd0238729b9a4d873870d7b4553c8fda5ac127"

any-promise@^1.0.0, any-promise@^1.1.0:
  version "1.3.0"
  resolved "https://r.cnpmjs.org/any-promise/download/any-promise-1.3.0.tgz#abc6afeedcea52e809cdc0376aed3ce39635d17f"

argparse@^1.0.7:
  version "1.0.9"
  resolved "https://r.cnpmjs.org/argparse/download/argparse-1.0.9.tgz#73d83bc263f86e97f8cc4f6bae1b0e90a7d22c86"
  dependencies:
    sprintf-js "~1.0.2"

async@1.x, async@^1.4.0, async@^1.5.2:
  version "1.5.2"
  resolved "https://r.cnpmjs.org/async/download/async-1.5.2.tgz#ec6a61ae56480c0c3cb241c95618e20892f9672a"

balanced-match@^0.4.1:
  version "0.4.2"
  resolved "https://r.cnpmjs.org/balanced-match/download/balanced-match-0.4.2.tgz#cb3f3e3c732dc0f01ee70b403f302e61d7709838"

brace-expansion@^1.0.0:
  version "1.1.6"
  resolved "https://r.cnpmjs.org/brace-expansion/download/brace-expansion-1.1.6.tgz#7197d7eaa9b87e648390ea61fc66c84427420df9"
  dependencies:
    balanced-match "^0.4.1"
    concat-map "0.0.1"

browser-stdout@1.3.0:
  version "1.3.0"
  resolved "https://r.cnpmjs.org/browser-stdout/download/browser-stdout-1.3.0.tgz#f351d32969d32fa5d7a5567154263d928ae3bd1f"

buffer-shims@^1.0.0:
  version "1.0.0"
  resolved "https://r.cnpmjs.org/buffer-shims/download/buffer-shims-1.0.0.tgz#9978ce317388c649ad8793028c3477ef044a8b51"

bytes@2.4.0:
  version "2.4.0"
  resolved "https://r.cnpmjs.org/bytes/download/bytes-2.4.0.tgz#7d97196f9d5baf7f6935e25985549edd2a6c2339"

bytes@^2.3.0:
  version "2.5.0"
  resolved "https://r.cnpmjs.org/bytes/download/bytes-2.5.0.tgz#4c9423ea2d252c270c41b2bdefeff9bb6b62c06a"

camelcase@^1.0.2:
  version "1.2.1"
  resolved "https://r.cnpmjs.org/camelcase/download/camelcase-1.2.1.tgz#9bb5304d2e0b56698b2c758b08a3eaa9daa58a39"

center-align@^0.1.1:
  version "0.1.3"
  resolved "https://r.cnpmjs.org/center-align/download/center-align-0.1.3.tgz#aa0d32629b6ee972200411cbd4461c907bc2b7ad"
  dependencies:
    align-text "^0.1.3"
    lazy-cache "^1.0.3"

cliui@^2.1.0:
  version "2.1.0"
  resolved "https://r.cnpmjs.org/cliui/download/cliui-2.1.0.tgz#4b475760ff80264c762c3a1719032e91c7fea0d1"
  dependencies:
    center-align "^0.1.1"
    right-align "^0.1.1"
    wordwrap "0.0.2"

co-body@^4.2.0:
  version "4.2.0"
  resolved "https://r.cnpmjs.org/co-body/download/co-body-4.2.0.tgz#74df20fa73262125dc45482af04e342ea8db3515"
  dependencies:
    inflation "~2.0.0"
    qs "~4.0.0"
    raw-body "~2.1.2"
    type-is "~1.6.6"

co@^4.0.2, co@^4.4.0, co@^4.6.0, co@~4.6.0:
  version "4.6.0"
  resolved "https://r.cnpmjs.org/co/download/co-4.6.0.tgz#6ea6bdf3d853ae54ccb8e47bfa0bf3f9031fb184"

combined-stream@^1.0.5:
  version "1.0.5"
  resolved "https://r.cnpmjs.org/combined-stream/download/combined-stream-1.0.5.tgz#938370a57b4a51dea2c77c15d5c5fdf895164009"
  dependencies:
    delayed-stream "~1.0.0"

commander@2.9.0:
  version "2.9.0"
  resolved "https://r.cnpmjs.org/commander/download/commander-2.9.0.tgz#9c99094176e12240cb22d6c5146098400fe0f7d4"
  dependencies:
    graceful-readlink ">= 1.0.0"

component-emitter@^1.2.0:
  version "1.2.1"
  resolved "https://r.cnpmjs.org/component-emitter/download/component-emitter-1.2.1.tgz#137918d6d78283f7df7a6b7c5a63e140e69425e6"

composition@^2.1.1:
  version "2.3.0"
  resolved "https://r.cnpmjs.org/composition/download/composition-2.3.0.tgz#742805374cab550c520a33662f5a732e0208d6f2"
  dependencies:
    any-promise "^1.1.0"
    co "^4.0.2"

compressible@^2.0.0:
  version "2.0.10"
  resolved "https://r.cnpmjs.org/compressible/download/compressible-2.0.10.tgz#feda1c7f7617912732b29bf8cf26252a20b9eecd"
  dependencies:
    mime-db ">= 1.27.0 < 2"

concat-map@0.0.1:
  version "0.0.1"
  resolved "https://r.cnpmjs.org/concat-map/download/concat-map-0.0.1.tgz#d8a96bd77fd68df7793a73036a3ba0d5405d477b"

content-disposition@~0.5.0:
  version "0.5.2"
  resolved "https://r.cnpmjs.org/content-disposition/download/content-disposition-0.5.2.tgz#0cf68bb9ddf5f2be7961c3a85178cb85dba78cb4"

content-type@^1.0.0:
  version "1.0.2"
  resolved "https://r.cnpmjs.org/content-type/download/content-type-1.0.2.tgz#b7d113aee7a8dd27bd21133c4dc2529df1721eed"

cookiejar@^2.0.6:
  version "2.1.0"
  resolved "https://r.cnpmjs.org/cookiejar/download/cookiejar-2.1.0.tgz#86549689539b6d0e269b6637a304be508194d898"

cookies@~0.6.1:
  version "0.6.2"
  resolved "https://r.cnpmjs.org/cookies/download/cookies-0.6.2.tgz#6ac1b052895208e8fc4c4f5f86a9ed31b9cb5ccf"
  dependencies:
    depd "~1.1.0"
    keygrip "~1.0.1"

copy-to@^2.0.1, copy-to@~2.0.1:
  version "2.0.1"
  resolved "https://r.cnpmjs.org/copy-to/download/copy-to-2.0.1.tgz#2680fbb8068a48d08656b6098092bdafc906f4a5"

core-util-is@~1.0.0, core-util-is@~1.0.1:
  version "1.0.2"
  resolved "https://r.cnpmjs.org/core-util-is/download/core-util-is-1.0.2.tgz#b5fd54220aa2bc5ab57aab7140c940754503c1a7"

crc@~3.4.0:
  version "3.4.4"
  resolved "https://r.cnpmjs.org/crc/download/crc-3.4.4.tgz#9da1e980e3bd44fc5c93bf5ab3da3378d85e466b"

csrf@^3.0.0:
  version "3.0.6"
  resolved "https://r.cnpmjs.org/csrf/download/csrf-3.0.6.tgz#b61120ddceeafc91e76ed5313bb5c0b2667b710a"
  dependencies:
    rndm "1.2.0"
    tsscmp "1.0.5"
    uid-safe "2.1.4"

debug@*, debug@^2.2.0, debug@^2.6.0, debug@~2.6.1:
  version "2.6.3"
  resolved "https://r.cnpmjs.org/debug/download/debug-2.6.3.tgz#0f7eb8c30965ec08c72accfa0130c8b79984141d"
  dependencies:
    ms "0.7.2"

debug@2.2.0:
  version "2.2.0"
  resolved "https://r.cnpmjs.org/debug/download/debug-2.2.0.tgz#f87057e995b1a1f6ae6a4960664137bc56f039da"
  dependencies:
    ms "0.7.1"

decamelize@^1.0.0:
  version "1.2.0"
  resolved "https://r.cnpmjs.org/decamelize/download/decamelize-1.2.0.tgz#f6534d15148269b20352e7bee26f501f9a191290"

deep-equal@^1.0.0, deep-equal@~1.0.0:
  version "1.0.1"
  resolved "https://r.cnpmjs.org/deep-equal/download/deep-equal-1.0.1.tgz#f5d260292b660e084eff4cdbc9f08ad3247448b5"

deep-is@~0.1.3:
  version "0.1.3"
  resolved "https://r.cnpmjs.org/deep-is/download/deep-is-0.1.3.tgz#b369d6fb5dbc13eecf524f91b070feedc357cf34"

delayed-stream@~1.0.0:
  version "1.0.0"
  resolved "https://r.cnpmjs.org/delayed-stream/download/delayed-stream-1.0.0.tgz#df3ae199acadfb7d440aaae0b29e2272b24ec619"

delegates@^1.0.0, delegates@~1.0.0:
  version "1.0.0"
  resolved "https://r.cnpmjs.org/delegates/download/delegates-1.0.0.tgz#84c6e159b81904fdca59a0ef44cd870d31250f9a"

depd@~1.1.0:
  version "1.1.0"
  resolved "https://r.cnpmjs.org/depd/download/depd-1.1.0.tgz#e1bd82c6aab6ced965b97b88b17ed3e528ca18c3"

destroy@^1.0.3:
  version "1.0.4"
  resolved "https://r.cnpmjs.org/destroy/download/destroy-1.0.4.tgz#978857442c44749e4206613e37946205826abd80"

diff@1.4.0:
  version "1.4.0"
  resolved "https://r.cnpmjs.org/diff/download/diff-1.4.0.tgz#7f28d2eb9ee7b15a97efd89ce63dcfdaa3ccbabf"

diff@^3.1.0:
  version "3.2.0"
  resolved "https://r.cnpmjs.org/diff/download/diff-3.2.0.tgz#c9ce393a4b7cbd0b058a725c93df299027868ff9"

ee-first@1.1.1:
  version "1.1.1"
  resolved "https://r.cnpmjs.org/ee-first/download/ee-first-1.1.1.tgz#590c61156b0ae2f4f0255732a158b266bc56b21d"

error-inject@~1.0.0:
  version "1.0.0"
  resolved "https://r.cnpmjs.org/error-inject/download/error-inject-1.0.0.tgz#e2b3d91b54aed672f309d950d154850fa11d4f37"

escape-html@~1.0.1, escape-html@~1.0.3:
  version "1.0.3"
  resolved "https://r.cnpmjs.org/escape-html/download/escape-html-1.0.3.tgz#0258eae4d3d0c0974de1c169188ef0051d1d1988"

escape-string-regexp@1.0.5:
  version "1.0.5"
  resolved "https://r.cnpmjs.org/escape-string-regexp/download/escape-string-regexp-1.0.5.tgz#1b61c0562190a8dff6ae3bb2cf0200ca130b86d4"

escodegen@1.8.x:
  version "1.8.1"
  resolved "https://r.cnpmjs.org/escodegen/download/escodegen-1.8.1.tgz#5a5b53af4693110bebb0867aa3430dd3b70a1018"
  dependencies:
    esprima "^2.7.1"
    estraverse "^1.9.1"
    esutils "^2.0.2"
    optionator "^0.8.1"
  optionalDependencies:
    source-map "~0.2.0"

esprima@2.7.x, esprima@^2.7.1:
  version "2.7.3"
  resolved "https://r.cnpmjs.org/esprima/download/esprima-2.7.3.tgz#96e3b70d5779f6ad49cd032673d1c312767ba581"

esprima@^3.1.1:
  version "3.1.3"
  resolved "https://r.cnpmjs.org/esprima/download/esprima-3.1.3.tgz#fdca51cee6133895e3c88d535ce49dbff62a4633"

estraverse@^1.9.1:
  version "1.9.3"
  resolved "https://r.cnpmjs.org/estraverse/download/estraverse-1.9.3.tgz#af67f2dc922582415950926091a4005d29c9bb44"

esutils@^2.0.2:
  version "2.0.2"
  resolved "https://r.cnpmjs.org/esutils/download/esutils-2.0.2.tgz#0abf4f1caa5bcb1f7a9d8acc6dea4faaa04bac9b"

etag@^1.3.0:
  version "1.8.0"
  resolved "https://r.cnpmjs.org/etag/download/etag-1.8.0.tgz#6f631aef336d6c46362b51764044ce216be3c051"

extend@^3.0.0:
  version "3.0.0"
  resolved "https://r.cnpmjs.org/extend/download/extend-3.0.0.tgz#5a474353b9f3353ddd8176dfd37b91c83a46f1d4"

fast-levenshtein@~2.0.4:
  version "2.0.6"
  resolved "https://r.cnpmjs.org/fast-levenshtein/download/fast-levenshtein-2.0.6.tgz#3d8a5c66883a16a30ca8643e851f19baa7797917"

form-data@1.0.0-rc4:
  version "1.0.0-rc4"
  resolved "https://r.cnpmjs.org/form-data/download/form-data-1.0.0-rc4.tgz#05ac6bc22227b43e4461f488161554699d4f8b5e"
  dependencies:
    async "^1.5.2"
    combined-stream "^1.0.5"
    mime-types "^2.1.10"

formatio@1.2.0:
  version "1.2.0"
  resolved "https://r.cnpmjs.org/formatio/download/formatio-1.2.0.tgz#f3b2167d9068c4698a8d51f4f760a39a54d818eb"
  dependencies:
    samsam "1.x"

formidable@^1.0.17:
  version "1.1.1"
  resolved "https://r.cnpmjs.org/formidable/download/formidable-1.1.1.tgz#96b8886f7c3c3508b932d6bd70c4d3a88f35f1a9"

fresh@^0.3.0:
  version "0.3.0"
  resolved "https://r.cnpmjs.org/fresh/download/fresh-0.3.0.tgz#651f838e22424e7566de161d8358caa199f83d4f"

fs.realpath@^1.0.0:
  version "1.0.0"
  resolved "https://r.cnpmjs.org/fs.realpath/download/fs.realpath-1.0.0.tgz#1504ad2523158caa40db4a2787cb01411994ea4f"

get-ready@^2.0.0:
  version "2.0.1"
  resolved "https://r.cnpmjs.org/get-ready/download/get-ready-2.0.1.tgz#a48c418753e39cf4d01f3a420cf1b757ddcc648f"
  dependencies:
    is-type-of "^1.0.0"

glob@7.0.5:
  version "7.0.5"
  resolved "https://r.cnpmjs.org/glob/download/glob-7.0.5.tgz#b4202a69099bbb4d292a7c1b95b6682b67ebdc95"
  dependencies:
    fs.realpath "^1.0.0"
    inflight "^1.0.4"
    inherits "2"
    minimatch "^3.0.2"
    once "^1.3.0"
    path-is-absolute "^1.0.0"

glob@^5.0.15:
  version "5.0.15"
  resolved "https://r.cnpmjs.org/glob/download/glob-5.0.15.tgz#1bc936b9e02f4a603fcc222ecf7633d30b8b93b1"
  dependencies:
    inflight "^1.0.4"
    inherits "2"
    minimatch "2 || 3"
    once "^1.3.0"
    path-is-absolute "^1.0.0"

"graceful-readlink@>= 1.0.0":
  version "1.0.1"
  resolved "https://r.cnpmjs.org/graceful-readlink/download/graceful-readlink-1.0.1.tgz#4cafad76bc62f02fa039b2f94e9a3dd3a391a725"

growl@1.9.2:
  version "1.9.2"
  resolved "https://r.cnpmjs.org/growl/download/growl-1.9.2.tgz#0ea7743715db8d8de2c5ede1775e1b45ac85c02f"

handlebars@^4.0.1:
  version "4.0.6"
  resolved "https://r.cnpmjs.org/handlebars/download/handlebars-4.0.6.tgz#2ce4484850537f9c97a8026d5399b935c4ed4ed7"
  dependencies:
    async "^1.4.0"
    optimist "^0.6.1"
    source-map "^0.4.4"
  optionalDependencies:
    uglify-js "^2.6"

has-flag@^1.0.0:
  version "1.0.0"
  resolved "https://r.cnpmjs.org/has-flag/download/has-flag-1.0.0.tgz#9d9e793165ce017a00f00418c43f942a7b1d11fa"

http-assert@^1.1.0:
  version "1.2.0"
  resolved "https://r.cnpmjs.org/http-assert/download/http-assert-1.2.0.tgz#d6392e6f6519def4e340266b35096db6d3feba00"
  dependencies:
    deep-equal "~1.0.0"
    http-errors "~1.4.0"

http-errors@^1.2.8, http-errors@~1.5.0:
  version "1.5.1"
  resolved "https://r.cnpmjs.org/http-errors/download/http-errors-1.5.1.tgz#788c0d2c1de2c81b9e6e8c01843b6b97eb920750"
  dependencies:
    inherits "2.0.3"
    setprototypeof "1.0.2"
    statuses ">= 1.3.1 < 2"

http-errors@~1.4.0:
  version "1.4.0"
  resolved "https://r.cnpmjs.org/http-errors/download/http-errors-1.4.0.tgz#6c0242dea6b3df7afda153c71089b31c6e82aabf"
  dependencies:
    inherits "2.0.1"
    statuses ">= 1.2.1 < 2"

iconv-lite@0.4.13:
  version "0.4.13"
  resolved "https://r.cnpmjs.org/iconv-lite/download/iconv-lite-0.4.13.tgz#1f88aba4ab0b1508e8312acc39345f36e992e2f2"

iconv-lite@~0.4.13:
  version "0.4.15"
  resolved "https://r.cnpmjs.org/iconv-lite/download/iconv-lite-0.4.15.tgz#fe265a218ac6a57cfe854927e9d04c19825eddeb"

inflation@~2.0.0:
  version "2.0.0"
  resolved "https://r.cnpmjs.org/inflation/download/inflation-2.0.0.tgz#8b417e47c28f925a45133d914ca1fd389107f30f"

inflection@~1.12.0:
  version "1.12.0"
  resolved "https://r.cnpmjs.org/inflection/download/inflection-1.12.0.tgz#a200935656d6f5f6bc4dc7502e1aecb703228416"

inflight@^1.0.4:
  version "1.0.6"
  resolved "https://r.cnpmjs.org/inflight/download/inflight-1.0.6.tgz#49bd6331d7d02d0c09bc910a1075ba8165b56df9"
  dependencies:
    once "^1.3.0"
    wrappy "1"

inherits@2, inherits@2.0.3, inherits@~2.0.1:
  version "2.0.3"
  resolved "https://r.cnpmjs.org/inherits/download/inherits-2.0.3.tgz#633c2c83e3da42a502f52466022480f4208261de"

inherits@2.0.1:
  version "2.0.1"
  resolved "https://r.cnpmjs.org/inherits/download/inherits-2.0.1.tgz#b17d08d326b4423e568eff719f91b0b1cbdf69f1"

is-buffer@^1.0.2:
  version "1.1.5"
  resolved "https://r.cnpmjs.org/is-buffer/download/is-buffer-1.1.5.tgz#1f3b26ef613b214b88cbca23cc6c01d87961eecc"

is-class@~0.0.3:
  version "0.0.4"
  resolved "https://r.cnpmjs.org/is-class/download/is-class-0.0.4.tgz#e057451705bb34e39e3e33598c93a9837296b736"

is-type-of@^1.0.0, is-type-of@~1.0.0:
  version "1.0.0"
  resolved "https://r.cnpmjs.org/is-type-of/download/is-type-of-1.0.0.tgz#a506652e352751de88aeb41f20c1691de385e38c"
  dependencies:
    core-util-is "~1.0.1"
    is-class "~0.0.3"
    isstream "~0.1.2"

isarray@0.0.1:
  version "0.0.1"
  resolved "https://r.cnpmjs.org/isarray/download/isarray-0.0.1.tgz#8a18acfca9a8f4177e09abfc6038939b05d1eedf"

isarray@~1.0.0:
  version "1.0.0"
  resolved "https://r.cnpmjs.org/isarray/download/isarray-1.0.0.tgz#bb935d48582cba168c06834957a54a3e07124f11"

isexe@^2.0.0:
  version "2.0.0"
  resolved "https://r.cnpmjs.org/isexe/download/isexe-2.0.0.tgz#e8fbf374dc556ff8947a10dcb0572d633f2cfa10"

isstream@~0.1.2:
  version "0.1.2"
  resolved "https://r.cnpmjs.org/isstream/download/isstream-0.1.2.tgz#47e63f7af55afa6f92e1500e690eb8b8529c099a"

istanbul@^0.4.5:
  version "0.4.5"
  resolved "https://r.cnpmjs.org/istanbul/download/istanbul-0.4.5.tgz#65c7d73d4c4da84d4f3ac310b918fb0b8033733b"
  dependencies:
    abbrev "1.0.x"
    async "1.x"
    escodegen "1.8.x"
    esprima "2.7.x"
    glob "^5.0.15"
    handlebars "^4.0.1"
    js-yaml "3.x"
    mkdirp "0.5.x"
    nopt "3.x"
    once "1.x"
    resolve "1.1.x"
    supports-color "^3.1.0"
    which "^1.1.1"
    wordwrap "^1.0.0"

js-yaml@3.x:
  version "3.8.2"
  resolved "https://r.cnpmjs.org/js-yaml/download/js-yaml-3.8.2.tgz#02d3e2c0f6beab20248d412c352203827d786721"
  dependencies:
    argparse "^1.0.7"
    esprima "^3.1.1"

json3@3.3.2:
  version "3.3.2"
  resolved "https://r.cnpmjs.org/json3/download/json3-3.3.2.tgz#3c0434743df93e2f5c42aee7b19bcb483575f4e1"

jsonp-body@~1.0.0:
  version "1.0.0"
  resolved "https://r.cnpmjs.org/jsonp-body/download/jsonp-body-1.0.0.tgz#e610fb6fcea79cf0cc9f27baa7b56377d4b0bb36"

keygrip@~1.0.1:
  version "1.0.1"
  resolved "https://r.cnpmjs.org/keygrip/download/keygrip-1.0.1.tgz#b02fa4816eef21a8c4b35ca9e52921ffc89a30e9"

kind-of@^3.0.2:
  version "3.1.0"
  resolved "https://r.cnpmjs.org/kind-of/download/kind-of-3.1.0.tgz#475d698a5e49ff5e53d14e3e732429dc8bf4cf47"
  dependencies:
    is-buffer "^1.0.2"

koa-bodyparser@~2.3.0:
  version "2.3.0"
  resolved "https://r.cnpmjs.org/koa-bodyparser/download/koa-bodyparser-2.3.0.tgz#236ed90a16f562e79cade2b958f67c848824e818"
  dependencies:
    co-body "^4.2.0"
    copy-to "^2.0.1"

koa-compose@^2.3.0, koa-compose@~2.5.1:
  version "2.5.1"
  resolved "https://r.cnpmjs.org/koa-compose/download/koa-compose-2.5.1.tgz#726cfb17694de5cb9fbf03c0adf172303f83f156"

koa-compress@~1.0.9:
  version "1.0.9"
  resolved "https://r.cnpmjs.org/koa-compress/download/koa-compress-1.0.9.tgz#a603036bedab1b9907ea77cca7d694673852e3f5"
  dependencies:
    bytes "^2.3.0"
    compressible "^2.0.0"
    koa-is-json "^1.0.0"
    statuses "^1.0.0"

koa-conditional-get@~1.0.3:
  version "1.0.3"
  resolved "https://r.cnpmjs.org/koa-conditional-get/download/koa-conditional-get-1.0.3.tgz#91aa03f2888aec0ae2f636f18b0cd95f158510c7"

koa-csrf@~2.5.0:
  version "2.5.0"
  resolved "https://r.cnpmjs.org/koa-csrf/download/koa-csrf-2.5.0.tgz#e23de7c8e1d0cfe1ee7310eb2f3f2eca43dacf8e"
  dependencies:
    csrf "^3.0.0"

koa-etag@~2.1.1:
  version "2.1.1"
  resolved "https://r.cnpmjs.org/koa-etag/download/koa-etag-2.1.1.tgz#ab79894e027d0f09b1087a780e6babcca33af065"
  dependencies:
    etag "^1.3.0"
    mz "^2.1.0"

koa-favicon@~1.2.1:
  version "1.2.1"
  resolved "https://r.cnpmjs.org/koa-favicon/download/koa-favicon-1.2.1.tgz#c001a6db6da6d71272b93fb5b924c392194821d0"
  dependencies:
    mz "^2.0.0"

koa-generic-session@~1.11.5:
  version "1.11.5"
  resolved "https://r.cnpmjs.org/koa-generic-session/download/koa-generic-session-1.11.5.tgz#430467152ccfc6f81baa944bad8683dd37df24ff"
  dependencies:
    copy-to "~2.0.1"
    crc "~3.4.0"
    debug "*"
    parseurl "~1.3.1"
    uid-safe "~2.1.1"

koa-is-json@^1.0.0:
  version "1.0.0"
  resolved "https://r.cnpmjs.org/koa-is-json/download/koa-is-json-1.0.0.tgz#273c07edcdcb8df6a2c1ab7d59ee76491451ec14"

koa-response-time@~1.0.2:
  version "1.0.2"
  resolved "https://r.cnpmjs.org/koa-response-time/download/koa-response-time-1.0.2.tgz#35ea38df719fc7c1d2eddb8544a74b3650712884"

koa-send@^3.3.0:
  version "3.3.0"
  resolved "https://r.cnpmjs.org/koa-send/download/koa-send-3.3.0.tgz#5a4ae245564680c6ecf6079e9275fa5173a861dc"
  dependencies:
    co "^4.6.0"
    debug "^2.6.0"
    mz "^2.3.1"
    resolve-path "^1.3.1"

koa-session@~3.4.0:
  version "3.4.0"
  resolved "https://r.cnpmjs.org/koa-session/download/koa-session-3.4.0.tgz#ce270291a4fcfbafe199abb64ccd9830e8c787bf"
  dependencies:
    debug "^2.2.0"
    deep-equal "^1.0.0"

koa-static@^2.0.0:
  version "2.1.0"
  resolved "https://r.cnpmjs.org/koa-static/download/koa-static-2.1.0.tgz#cfe292ea7dabc96aa723e4a488615cc65ae74169"
  dependencies:
    debug "^2.6.0"
    koa-send "^3.3.0"

koa@~1.2.5:
  version "1.2.5"
  resolved "https://r.cnpmjs.org/koa/download/koa-1.2.5.tgz#2b1bf59dc1f2fdd7b756e8a4f11a55eb57db6a09"
  dependencies:
    accepts "^1.2.2"
    co "^4.4.0"
    composition "^2.1.1"
    content-disposition "~0.5.0"
    content-type "^1.0.0"
    cookies "~0.6.1"
    debug "*"
    delegates "^1.0.0"
    destroy "^1.0.3"
    error-inject "~1.0.0"
    escape-html "~1.0.1"
    fresh "^0.3.0"
    http-assert "^1.1.0"
    http-errors "^1.2.8"
    koa-compose "^2.3.0"
    koa-is-json "^1.0.0"
    mime-types "^2.0.7"
    on-finished "^2.1.0"
    only "0.0.2"
    parseurl "^1.3.0"
    statuses "^1.2.0"
    type-is "^1.5.5"
    vary "^1.0.0"

lazy-cache@^1.0.3:
  version "1.0.4"
  resolved "https://r.cnpmjs.org/lazy-cache/download/lazy-cache-1.0.4.tgz#a1d78fc3a50474cb80845d3b3b6e1da49a446e8e"

levn@~0.3.0:
  version "0.3.0"
  resolved "https://r.cnpmjs.org/levn/download/levn-0.3.0.tgz#3b09924edf9f083c0490fdd4c0bc4421e04764ee"
  dependencies:
    prelude-ls "~1.1.2"
    type-check "~0.3.2"

lodash._baseassign@^3.0.0:
  version "3.2.0"
  resolved "https://r.cnpmjs.org/lodash._baseassign/download/lodash._baseassign-3.2.0.tgz#8c38a099500f215ad09e59f1722fd0c52bfe0a4e"
  dependencies:
    lodash._basecopy "^3.0.0"
    lodash.keys "^3.0.0"

lodash._basecopy@^3.0.0:
  version "3.0.1"
  resolved "https://r.cnpmjs.org/lodash._basecopy/download/lodash._basecopy-3.0.1.tgz#8da0e6a876cf344c0ad8a54882111dd3c5c7ca36"

lodash._basecreate@^3.0.0:
  version "3.0.3"
  resolved "https://r.cnpmjs.org/lodash._basecreate/download/lodash._basecreate-3.0.3.tgz#1bc661614daa7fc311b7d03bf16806a0213cf821"

lodash._getnative@^3.0.0:
  version "3.9.1"
  resolved "https://r.cnpmjs.org/lodash._getnative/download/lodash._getnative-3.9.1.tgz#570bc7dede46d61cdcde687d65d3eecbaa3aaff5"

lodash._isiterateecall@^3.0.0:
  version "3.0.9"
  resolved "https://r.cnpmjs.org/lodash._isiterateecall/download/lodash._isiterateecall-3.0.9.tgz#5203ad7ba425fae842460e696db9cf3e6aac057c"

lodash.create@3.1.1:
  version "3.1.1"
  resolved "https://r.cnpmjs.org/lodash.create/download/lodash.create-3.1.1.tgz#d7f2849f0dbda7e04682bb8cd72ab022461debe7"
  dependencies:
    lodash._baseassign "^3.0.0"
    lodash._basecreate "^3.0.0"
    lodash._isiterateecall "^3.0.0"

lodash.isarguments@^3.0.0:
  version "3.1.0"
  resolved "https://r.cnpmjs.org/lodash.isarguments/download/lodash.isarguments-3.1.0.tgz#2f573d85c6a24289ff00663b491c1d338ff3458a"

lodash.isarray@^3.0.0:
  version "3.0.4"
  resolved "https://r.cnpmjs.org/lodash.isarray/download/lodash.isarray-3.0.4.tgz#79e4eb88c36a8122af86f844aa9bcd851b5fbb55"

lodash.keys@^3.0.0:
  version "3.1.2"
  resolved "https://r.cnpmjs.org/lodash.keys/download/lodash.keys-3.1.2.tgz#4dbc0472b156be50a0b286855d1bd0b0c656098a"
  dependencies:
    lodash._getnative "^3.0.0"
    lodash.isarguments "^3.0.0"
    lodash.isarray "^3.0.0"

lolex@^1.6.0:
  version "1.6.0"
  resolved "https://r.cnpmjs.org/lolex/download/lolex-1.6.0.tgz#3a9a0283452a47d7439e72731b9e07d7386e49f6"

longest@^1.0.1:
  version "1.0.1"
  resolved "https://r.cnpmjs.org/longest/download/longest-1.0.1.tgz#30a0b2da38f73770e8294a0d22e6625ed77d0097"

media-typer@0.3.0:
  version "0.3.0"
  resolved "https://r.cnpmjs.org/media-typer/download/media-typer-0.3.0.tgz#8710d7af0aa626f8fffa1ce00168545263255748"

methods@1.x, methods@^1.1.1:
  version "1.1.2"
  resolved "https://r.cnpmjs.org/methods/download/methods-1.1.2.tgz#5529a4d67654134edcc5266656835b0f851afcee"

"mime-db@>= 1.27.0 < 2", mime-db@~1.27.0:
  version "1.27.0"
  resolved "https://r.cnpmjs.org/mime-db/download/mime-db-1.27.0.tgz#820f572296bbd20ec25ed55e5b5de869e5436eb1"

mime-types@^2.0.7, mime-types@^2.1.10, mime-types@~2.1.11, mime-types@~2.1.13:
  version "2.1.15"
  resolved "https://r.cnpmjs.org/mime-types/download/mime-types-2.1.15.tgz#a4ebf5064094569237b8cf70046776d09fc92aed"
  dependencies:
    mime-db "~1.27.0"

mime@^1.3.4:
  version "1.3.4"
  resolved "https://r.cnpmjs.org/mime/download/mime-1.3.4.tgz#115f9e3b6b3daf2959983cb38f149a2d40eb5d53"

"minimatch@2 || 3", minimatch@^3.0.2:
  version "3.0.3"
  resolved "https://r.cnpmjs.org/minimatch/download/minimatch-3.0.3.tgz#2a4e4090b96b2db06a9d7df01055a62a77c9b774"
  dependencies:
    brace-expansion "^1.0.0"

minimist@0.0.8, minimist@~0.0.1:
  version "0.0.8"
  resolved "https://r.cnpmjs.org/minimist/download/minimist-0.0.8.tgz#857fcabfc3397d2625b8228262e86aa7a011b05d"

mkdirp@0.5.1, mkdirp@0.5.x:
  version "0.5.1"
  resolved "https://r.cnpmjs.org/mkdirp/download/mkdirp-0.5.1.tgz#30057438eac6cf7f8c4767f38648d6697d75c903"
  dependencies:
    minimist "0.0.8"

mocha@^3.2.0:
  version "3.2.0"
  resolved "https://r.cnpmjs.org/mocha/download/mocha-3.2.0.tgz#7dc4f45e5088075171a68896814e6ae9eb7a85e3"
  dependencies:
    browser-stdout "1.3.0"
    commander "2.9.0"
    debug "2.2.0"
    diff "1.4.0"
    escape-string-regexp "1.0.5"
    glob "7.0.5"
    growl "1.9.2"
    json3 "3.3.2"
    lodash.create "3.1.1"
    mkdirp "0.5.1"
    supports-color "3.1.2"

ms@0.7.1:
  version "0.7.1"
  resolved "https://r.cnpmjs.org/ms/download/ms-0.7.1.tgz#9cd13c03adbff25b65effde7ce864ee952017098"

ms@0.7.2:
  version "0.7.2"
  resolved "https://r.cnpmjs.org/ms/download/ms-0.7.2.tgz#ae25cf2512b3885a1d95d7f037868d8431124765"

mz@^2.0.0, mz@^2.1.0, mz@^2.3.1, mz@~2.6.0:
  version "2.6.0"
  resolved "https://r.cnpmjs.org/mz/download/mz-2.6.0.tgz#c8b8521d958df0a4f2768025db69c719ee4ef1ce"
  dependencies:
    any-promise "^1.0.0"
    object-assign "^4.0.1"
    thenify-all "^1.0.0"

native-promise-only@^0.8.1:
  version "0.8.1"
  resolved "https://r.cnpmjs.org/native-promise-only/download/native-promise-only-0.8.1.tgz#20a318c30cb45f71fe7adfbf7b21c99c1472ef11"

negotiator@0.6.1:
  version "0.6.1"
  resolved "https://r.cnpmjs.org/negotiator/download/negotiator-0.6.1.tgz#2b327184e8992101177b28563fb5e7102acd0ca9"

nopt@3.x:
  version "3.0.6"
  resolved "https://r.cnpmjs.org/nopt/download/nopt-3.0.6.tgz#c6465dbf08abcd4db359317f79ac68a646b28ff9"
  dependencies:
    abbrev "1"

object-assign@^4.0.1:
  version "4.1.1"
  resolved "https://r.cnpmjs.org/object-assign/download/object-assign-4.1.1.tgz#2109adc7965887cfc05cbbd442cac8bfbb360863"

on-finished@^2.1.0:
  version "2.3.0"
  resolved "https://r.cnpmjs.org/on-finished/download/on-finished-2.3.0.tgz#20f1336481b083cd75337992a16971aa2d906947"
  dependencies:
    ee-first "1.1.1"

once@1.x, once@^1.3.0, once@^1.4.0:
  version "1.4.0"
  resolved "https://r.cnpmjs.org/once/download/once-1.4.0.tgz#583b1aa775961d4b113ac17d9c50baef9dd76bd1"
  dependencies:
    wrappy "1"

only@0.0.2:
  version "0.0.2"
  resolved "https://r.cnpmjs.org/only/download/only-0.0.2.tgz#2afde84d03e50b9a8edc444e30610a70295edfb4"

optimist@^0.6.1:
  version "0.6.1"
  resolved "https://r.cnpmjs.org/optimist/download/optimist-0.6.1.tgz#da3ea74686fa21a19a111c326e90eb15a0196686"
  dependencies:
    minimist "~0.0.1"
    wordwrap "~0.0.2"

optionator@^0.8.1:
  version "0.8.2"
  resolved "https://r.cnpmjs.org/optionator/download/optionator-0.8.2.tgz#364c5e409d3f4d6301d6c0b4c05bba50180aeb64"
  dependencies:
    deep-is "~0.1.3"
    fast-levenshtein "~2.0.4"
    levn "~0.3.0"
    prelude-ls "~1.1.2"
    type-check "~0.3.2"
    wordwrap "~1.0.0"

output-formatter@~1.0.1:
  version "1.0.2"
  resolved "https://r.cnpmjs.org/output-formatter/download/output-formatter-1.0.2.tgz#86e6564c327b4cc204599ff2e566218a221d4b63"

parseurl@^1.3.0, parseurl@~1.3.1:
  version "1.3.1"
  resolved "https://r.cnpmjs.org/parseurl/download/parseurl-1.3.1.tgz#c8ab8c9223ba34888aa64a297b28853bec18da56"

path-is-absolute@1.0.1, path-is-absolute@^1.0.0:
  version "1.0.1"
  resolved "https://r.cnpmjs.org/path-is-absolute/download/path-is-absolute-1.0.1.tgz#174b9268735534ffbc7ace6bf53a5a9e1b5c5f5f"

path-to-regexp@^1.7.0, path-to-regexp@~1.7.0:
  version "1.7.0"
  resolved "https://r.cnpmjs.org/path-to-regexp/download/path-to-regexp-1.7.0.tgz#59fde0f435badacba103a84e9d3bc64e96b9937d"
  dependencies:
    isarray "0.0.1"

path-to-regexp@~1.2.1:
  version "1.2.1"
  resolved "https://r.cnpmjs.org/path-to-regexp/download/path-to-regexp-1.2.1.tgz#b33705c140234d873c8721c7b9fd8b541ed3aff9"
  dependencies:
    isarray "0.0.1"

plover-logger@~1.4.0:
  version "1.4.4"
  resolved "https://r.cnpmjs.org/plover-logger/download/plover-logger-1.4.4.tgz#2da141ecd8556f46ee3f3865aeb5151de256ce30"
  dependencies:
    debug "~2.6.1"

plover-module-resolver@~1.6.6:
  version "1.6.7"
  resolved "https://r.cnpmjs.org/plover-module-resolver/download/plover-module-resolver-1.6.7.tgz#aa40e0d323f6da878db48d5c5259177ad91f30f9"
  dependencies:
    debug "~2.6.1"
    resolve-from "~2.0.0"
    semver "~5.3.0"

plover-test-mate@^1.1.1:
  version "1.1.1"
  resolved "https://r.cnpmjs.org/plover-test-mate/download/plover-test-mate-1.1.1.tgz#3be747578d07b87f01072180cf61c2917cc09494"
  dependencies:
    plover "^2.9.1"
    supertest "^2.0.1"

plover-util@~1.5.1:
  version "1.5.1"
  resolved "https://r.cnpmjs.org/plover-util/download/plover-util-1.5.1.tgz#9bbb22074f69f76fdaab2481b12f597cb64e3624"
  dependencies:
    is-type-of "~1.0.0"

plover-web@^1.5.3:
  version "1.5.3"
  resolved "https://r.cnpmjs.org/plover-web/download/plover-web-1.5.3.tgz#07d9206dff72e7fa3cba60828850c3009064f466"
  dependencies:
    debug "~2.6.1"
    iconv-lite "~0.4.13"
    koa-bodyparser "~2.3.0"
    koa-compress "~1.0.9"
    koa-conditional-get "~1.0.3"
    koa-csrf "~2.5.0"
    koa-etag "~2.1.1"
    koa-favicon "~1.2.1"
    koa-generic-session "~1.11.5"
    koa-response-time "~1.0.2"
    koa-session "~3.4.0"
    koa-static "^2.0.0"
    path-to-regexp "~1.7.0"
    plover-logger "~1.4.0"
    qs "~6.3.0"

plover@^2.9.1:
  version "2.11.0"
  resolved "https://r.cnpmjs.org/plover/download/plover-2.11.0.tgz#3cce542a905e95eed92862d7b1bdc778318ededf"
  dependencies:
    antsort "~1.1.2"
    co "~4.6.0"
    delegates "~1.0.0"
    depd "~1.1.0"
    escape-html "~1.0.3"
    is-type-of "~1.0.0"
    jsonp-body "~1.0.0"
    koa "~1.2.5"
    koa-compose "~2.5.1"
    mz "~2.6.0"
    output-formatter "~1.0.1"
    path-to-regexp "~1.2.1"
    plover-logger "~1.4.0"
    plover-module-resolver "~1.6.6"
    plover-util "~1.5.1"
    ready-callback "~2.0.1"
    resolve-from "~2.0.0"

prelude-ls@~1.1.2:
  version "1.1.2"
  resolved "https://r.cnpmjs.org/prelude-ls/download/prelude-ls-1.1.2.tgz#21932a549f5e52ffd9a827f570e04be62a97da54"

process-nextick-args@~1.0.6:
  version "1.0.7"
  resolved "https://r.cnpmjs.org/process-nextick-args/download/process-nextick-args-1.0.7.tgz#150e20b756590ad3f91093f25a4f2ad8bff30ba3"

qs@^6.1.0, qs@~6.3.0:
  version "6.3.2"
  resolved "https://r.cnpmjs.org/qs/download/qs-6.3.2.tgz#e75bd5f6e268122a2a0e0bda630b2550c166502c"

qs@~4.0.0:
  version "4.0.0"
  resolved "https://r.cnpmjs.org/qs/download/qs-4.0.0.tgz#c31d9b74ec27df75e543a86c78728ed8d4623607"

random-bytes@~1.0.0:
  version "1.0.0"
  resolved "https://r.cnpmjs.org/random-bytes/download/random-bytes-1.0.0.tgz#4f68a1dc0ae58bd3fb95848c30324db75d64360b"

raw-body@~2.1.2:
  version "2.1.7"
  resolved "https://r.cnpmjs.org/raw-body/download/raw-body-2.1.7.tgz#adfeace2e4fb3098058014d08c072dcc59758774"
  dependencies:
    bytes "2.4.0"
    iconv-lite "0.4.13"
    unpipe "1.0.0"

readable-stream@^2.0.5:
  version "2.2.6"
  resolved "https://r.cnpmjs.org/readable-stream/download/readable-stream-2.2.6.tgz#8b43aed76e71483938d12a8d46c6cf1a00b1f816"
  dependencies:
    buffer-shims "^1.0.0"
    core-util-is "~1.0.0"
    inherits "~2.0.1"
    isarray "~1.0.0"
    process-nextick-args "~1.0.6"
    string_decoder "~0.10.x"
    util-deprecate "~1.0.1"

ready-callback@~2.0.1:
  version "2.0.1"
  resolved "https://r.cnpmjs.org/ready-callback/download/ready-callback-2.0.1.tgz#579d972a2137a46c233cec5a013356bb45f2d046"
  dependencies:
    debug "^2.6.0"
    get-ready "^2.0.0"
    once "^1.4.0"
    uuid "^3.0.1"

repeat-string@^1.5.2:
  version "1.6.1"
  resolved "https://r.cnpmjs.org/repeat-string/download/repeat-string-1.6.1.tgz#8dcae470e1c88abc2d600fff4a776286da75e637"

resolve-from@~2.0.0:
  version "2.0.0"
  resolved "https://r.cnpmjs.org/resolve-from/download/resolve-from-2.0.0.tgz#9480ab20e94ffa1d9e80a804c7ea147611966b57"

resolve-path@^1.3.1:
  version "1.3.3"
  resolved "https://r.cnpmjs.org/resolve-path/download/resolve-path-1.3.3.tgz#4d83aba6468c2b8e632a575e3f52b0fa0dbe1a5c"
  dependencies:
    http-errors "~1.5.0"
    path-is-absolute "1.0.1"

resolve@1.1.x:
  version "1.1.7"
  resolved "https://r.cnpmjs.org/resolve/download/resolve-1.1.7.tgz#203114d82ad2c5ed9e8e0411b3932875e889e97b"

right-align@^0.1.1:
  version "0.1.3"
  resolved "https://r.cnpmjs.org/right-align/download/right-align-0.1.3.tgz#61339b722fe6a3515689210d24e14c96148613ef"
  dependencies:
    align-text "^0.1.1"

rndm@1.2.0:
  version "1.2.0"
  resolved "https://r.cnpmjs.org/rndm/download/rndm-1.2.0.tgz#f33fe9cfb52bbfd520aa18323bc65db110a1b76c"

samsam@1.x, samsam@^1.1.3:
  version "1.2.1"
  resolved "https://r.cnpmjs.org/samsam/download/samsam-1.2.1.tgz#edd39093a3184370cb859243b2bdf255e7d8ea67"

semver@~5.3.0:
  version "5.3.0"
  resolved "https://r.cnpmjs.org/semver/download/semver-5.3.0.tgz#9b2ce5d3de02d17c6012ad326aa6b4d0cf54f94f"

setprototypeof@1.0.2:
  version "1.0.2"
  resolved "https://r.cnpmjs.org/setprototypeof/download/setprototypeof-1.0.2.tgz#81a552141ec104b88e89ce383103ad5c66564d08"

should-equal@^1.0.0:
  version "1.0.1"
  resolved "https://r.cnpmjs.org/should-equal/download/should-equal-1.0.1.tgz#0b6e9516f2601a9fb0bb2dcc369afa1c7e200af7"
  dependencies:
    should-type "^1.0.0"

should-format@^3.0.2:
  version "3.0.3"
  resolved "https://r.cnpmjs.org/should-format/download/should-format-3.0.3.tgz#9bfc8f74fa39205c53d38c34d717303e277124f1"
  dependencies:
    should-type "^1.3.0"
    should-type-adaptors "^1.0.1"

should-type-adaptors@^1.0.1:
  version "1.0.1"
  resolved "https://r.cnpmjs.org/should-type-adaptors/download/should-type-adaptors-1.0.1.tgz#efe5553cdf68cff66e5c5f51b712dc351c77beaa"
  dependencies:
    should-type "^1.3.0"
    should-util "^1.0.0"

should-type@^1.0.0, should-type@^1.3.0, should-type@^1.4.0:
  version "1.4.0"
  resolved "https://r.cnpmjs.org/should-type/download/should-type-1.4.0.tgz#0756d8ce846dfd09843a6947719dfa0d4cff5cf3"

should-util@^1.0.0:
  version "1.0.0"
  resolved "https://r.cnpmjs.org/should-util/download/should-util-1.0.0.tgz#c98cda374aa6b190df8ba87c9889c2b4db620063"

should@^11.2.1:
  version "11.2.1"
  resolved "https://r.cnpmjs.org/should/download/should-11.2.1.tgz#90f55145552d01cfc200666e4e818a1c9670eda2"
  dependencies:
    should-equal "^1.0.0"
    should-format "^3.0.2"
    should-type "^1.4.0"
    should-type-adaptors "^1.0.1"
    should-util "^1.0.0"

sinon@^2.1.0:
  version "2.1.0"
  resolved "https://r.cnpmjs.org/sinon/download/sinon-2.1.0.tgz#e057a9d2bf1b32f5d6dd62628ca9ee3961b0cafb"
  dependencies:
    diff "^3.1.0"
    formatio "1.2.0"
    lolex "^1.6.0"
    native-promise-only "^0.8.1"
    path-to-regexp "^1.7.0"
    samsam "^1.1.3"
    text-encoding "0.6.4"
    type-detect "^4.0.0"

source-map@^0.4.4:
  version "0.4.4"
  resolved "https://r.cnpmjs.org/source-map/download/source-map-0.4.4.tgz#eba4f5da9c0dc999de68032d8b4f76173652036b"
  dependencies:
    amdefine ">=0.0.4"

source-map@~0.2.0:
  version "0.2.0"
  resolved "https://r.cnpmjs.org/source-map/download/source-map-0.2.0.tgz#dab73fbcfc2ba819b4de03bd6f6eaa48164b3f9d"
  dependencies:
    amdefine ">=0.0.4"

source-map@~0.5.1:
  version "0.5.6"
  resolved "https://r.cnpmjs.org/source-map/download/source-map-0.5.6.tgz#75ce38f52bf0733c5a7f0c118d81334a2bb5f412"

sprintf-js@~1.0.2:
  version "1.0.3"
  resolved "https://r.cnpmjs.org/sprintf-js/download/sprintf-js-1.0.3.tgz#04e6926f662895354f3dd015203633b857297e2c"

"statuses@>= 1.2.1 < 2", "statuses@>= 1.3.1 < 2", statuses@^1.0.0, statuses@^1.2.0:
  version "1.3.1"
  resolved "https://r.cnpmjs.org/statuses/download/statuses-1.3.1.tgz#faf51b9eb74aaef3b3acf4ad5f61abf24cb7b93e"

string_decoder@~0.10.x:
  version "0.10.31"
  resolved "https://r.cnpmjs.org/string_decoder/download/string_decoder-0.10.31.tgz#62e203bc41766c6c28c9fc84301dab1c5310fa94"

superagent@^2.0.0:
  version "2.3.0"
  resolved "https://r.cnpmjs.org/superagent/download/superagent-2.3.0.tgz#703529a0714e57e123959ddefbce193b2e50d115"
  dependencies:
    component-emitter "^1.2.0"
    cookiejar "^2.0.6"
    debug "^2.2.0"
    extend "^3.0.0"
    form-data "1.0.0-rc4"
    formidable "^1.0.17"
    methods "^1.1.1"
    mime "^1.3.4"
    qs "^6.1.0"
    readable-stream "^2.0.5"

supertest@^2.0.1:
  version "2.0.1"
  resolved "https://r.cnpmjs.org/supertest/download/supertest-2.0.1.tgz#a058081d788f1515d4700d7502881e6b759e44cd"
  dependencies:
    methods "1.x"
    superagent "^2.0.0"

supports-color@3.1.2:
  version "3.1.2"
  resolved "https://r.cnpmjs.org/supports-color/download/supports-color-3.1.2.tgz#72a262894d9d408b956ca05ff37b2ed8a6e2a2d5"
  dependencies:
    has-flag "^1.0.0"

supports-color@^3.1.0:
  version "3.2.3"
  resolved "https://r.cnpmjs.org/supports-color/download/supports-color-3.2.3.tgz#65ac0504b3954171d8a64946b2ae3cbb8a5f54f6"
  dependencies:
    has-flag "^1.0.0"

text-encoding@0.6.4:
  version "0.6.4"
  resolved "https://r.cnpmjs.org/text-encoding/download/text-encoding-0.6.4.tgz#e399a982257a276dae428bb92845cb71bdc26d19"

thenify-all@^1.0.0:
  version "1.6.0"
  resolved "https://r.cnpmjs.org/thenify-all/download/thenify-all-1.6.0.tgz#1a1918d402d8fc3f98fbf234db0bcc8cc10e9726"
  dependencies:
    thenify ">= 3.1.0 < 4"

"thenify@>= 3.1.0 < 4":
  version "3.2.1"
  resolved "https://r.cnpmjs.org/thenify/download/thenify-3.2.1.tgz#251fd1c80aff6e5cf57cb179ab1fcb724269bd11"
  dependencies:
    any-promise "^1.0.0"

tsscmp@1.0.5:
  version "1.0.5"
  resolved "https://r.cnpmjs.org/tsscmp/download/tsscmp-1.0.5.tgz#7dc4a33af71581ab4337da91d85ca5427ebd9a97"

type-check@~0.3.2:
  version "0.3.2"
  resolved "https://r.cnpmjs.org/type-check/download/type-check-0.3.2.tgz#5884cab512cf1d355e3fb784f30804b2b520db72"
  dependencies:
    prelude-ls "~1.1.2"

type-detect@^4.0.0:
  version "4.0.0"
  resolved "https://r.cnpmjs.org/type-detect/download/type-detect-4.0.0.tgz#62053883542a321f2f7b25746dc696478b18ff6b"

type-is@^1.5.5, type-is@~1.6.6:
  version "1.6.14"
  resolved "https://r.cnpmjs.org/type-is/download/type-is-1.6.14.tgz#e219639c17ded1ca0789092dd54a03826b817cb2"
  dependencies:
    media-typer "0.3.0"
    mime-types "~2.1.13"

uglify-js@^2.6:
  version "2.8.16"
  resolved "https://r.cnpmjs.org/uglify-js/download/uglify-js-2.8.16.tgz#d286190b6eefc6fd65eb0ecac6551e0b0e8839a4"
  dependencies:
    source-map "~0.5.1"
    yargs "~3.10.0"
  optionalDependencies:
    uglify-to-browserify "~1.0.0"

uglify-to-browserify@~1.0.0:
  version "1.0.2"
  resolved "https://r.cnpmjs.org/uglify-to-browserify/download/uglify-to-browserify-1.0.2.tgz#6e0924d6bda6b5afe349e39a6d632850a0f882b7"

uid-safe@2.1.4, uid-safe@~2.1.1:
  version "2.1.4"
  resolved "https://r.cnpmjs.org/uid-safe/download/uid-safe-2.1.4.tgz#3ad6f38368c6d4c8c75ec17623fb79aa1d071d81"
  dependencies:
    random-bytes "~1.0.0"

unpipe@1.0.0:
  version "1.0.0"
  resolved "https://r.cnpmjs.org/unpipe/download/unpipe-1.0.0.tgz#b2bf4ee8514aae6165b4817829d21b2ef49904ec"

util-deprecate@~1.0.1:
  version "1.0.2"
  resolved "https://r.cnpmjs.org/util-deprecate/download/util-deprecate-1.0.2.tgz#450d4dc9fa70de732762fbd2d4a28981419a0ccf"

uuid@^3.0.1:
  version "3.0.1"
  resolved "https://r.cnpmjs.org/uuid/download/uuid-3.0.1.tgz#6544bba2dfda8c1cf17e629a3a305e2bb1fee6c1"

vary@^1.0.0:
  version "1.1.1"
  resolved "https://r.cnpmjs.org/vary/download/vary-1.1.1.tgz#67535ebb694c1d52257457984665323f587e8d37"

which@^1.1.1:
  version "1.2.14"
  resolved "https://r.cnpmjs.org/which/download/which-1.2.14.tgz#9a87c4378f03e827cecaf1acdf56c736c01c14e5"
  dependencies:
    isexe "^2.0.0"

window-size@0.1.0:
  version "0.1.0"
  resolved "https://r.cnpmjs.org/window-size/download/window-size-0.1.0.tgz#5438cd2ea93b202efa3a19fe8887aee7c94f9c9d"

wordwrap@0.0.2:
  version "0.0.2"
  resolved "https://r.cnpmjs.org/wordwrap/download/wordwrap-0.0.2.tgz#b79669bb42ecb409f83d583cad52ca17eaa1643f"

wordwrap@^1.0.0, wordwrap@~1.0.0:
  version "1.0.0"
  resolved "https://r.cnpmjs.org/wordwrap/download/wordwrap-1.0.0.tgz#27584810891456a4171c8d0226441ade90cbcaeb"

wordwrap@~0.0.2:
  version "0.0.3"
  resolved "https://r.cnpmjs.org/wordwrap/download/wordwrap-0.0.3.tgz#a3d5da6cd5c0bc0008d37234bbaf1bed63059107"

wrappy@1:
  version "1.0.2"
  resolved "https://r.cnpmjs.org/wrappy/download/wrappy-1.0.2.tgz#b5243d8f3ec1aa35f1364605bc0d1036e30ab69f"

yargs@~3.10.0:
  version "3.10.0"
  resolved "https://r.cnpmjs.org/yargs/download/yargs-3.10.0.tgz#f7ee7bd857dd7c1d2d38c0e74efbd681d1431fd1"
  dependencies:
    camelcase "^1.0.2"
    cliui "^2.1.0"
    decamelize "^1.0.0"
    window-size "0.1.0"
